
Microsoft Visual Studio Solution File, Format Version 12.00
# Visual Studio Version 17
VisualStudioVersion = 17.5.2.0
MinimumVisualStudioVersion = 10.0.40219.1
Project("{2150E333-8FDC-42A3-9474-1A3956D46DE8}") = "src", "src", "{827E0CD3-B72D-47B6-A68D-7590B98EB39B}"
EndProject
Project("{FAE04EC0-301F-11D3-BF4B-00C04F79EFBC}") = "Food.Web", "\home\daniel\projekt\csharp\FoodoraVlone\exploratorysln\src\Food.Web\Food.Web.csproj", "{5F8AD946-FF82-41DF-52FF-2C71C5863887}"
EndProject
Project("{FAE04EC0-301F-11D3-BF4B-00C04F79EFBC}") = "Food.Core", "\home\daniel\projekt\csharp\FoodoraVlone\exploratorysln\src\Food.Core\Food.Core.csproj", "{0AD4B4A4-48C7-209E-41BB-5F05E723BA1E}"
EndProject
Project("{FAE04EC0-301F-11D3-BF4B-00C04F79EFBC}") = "Food.Api", "src\Food.Api\Food.Api.csproj", "{5F5D2980-8981-4EA5-A3CE-11A62C34008A}"
EndProject
Project("{2150E333-8FDC-42A3-9474-1A3956D46DE8}") = "test", "test", "{0C88DD14-F956-CE84-757C-A364CCF449FC}"
EndProject
Project("{FAE04EC0-301F-11D3-BF4B-00C04F79EFBC}") = "UnitTests", "test\UnitTests\UnitTests.csproj", "{BA697968-EC1D-4AF7-A2FA-D036785E12BF}"
EndProject
Project("{FAE04EC0-301F-11D3-BF4B-00C04F79EFBC}") = "IntegrationTests", "test\IntegrationTests\IntegrationTests.csproj", "{1E469CED-50E1-4F98-A6CF-D695CA59E91A}"
EndProject
Global
	GlobalSection(SolutionConfigurationPlatforms) = preSolution
		Debug|Any CPU = Debug|Any CPU
		Debug|x64 = Debug|x64
		Debug|x86 = Debug|x86
		Release|Any CPU = Release|Any CPU
		Release|x64 = Release|x64
		Release|x86 = Release|x86
	EndGlobalSection
	GlobalSection(ProjectConfigurationPlatforms) = postSolution
		{5F8AD946-FF82-41DF-52FF-2C71C5863887}.Debug|Any CPU.ActiveCfg = Debug|Any CPU
		{5F8AD946-FF82-41DF-52FF-2C71C5863887}.Debug|Any CPU.Build.0 = Debug|Any CPU
		{5F8AD946-FF82-41DF-52FF-2C71C5863887}.Debug|x64.ActiveCfg = Debug|Any CPU
		{5F8AD946-FF82-41DF-52FF-2C71C5863887}.Debug|x64.Build.0 = Debug|Any CPU
		{5F8AD946-FF82-41DF-52FF-2C71C5863887}.Debug|x86.ActiveCfg = Debug|Any CPU
		{5F8AD946-FF82-41DF-52FF-2C71C5863887}.Debug|x86.Build.0 = Debug|Any CPU
		{5F8AD946-FF82-41DF-52FF-2C71C5863887}.Release|Any CPU.ActiveCfg = Release|Any CPU
		{5F8AD946-FF82-41DF-52FF-2C71C5863887}.Release|Any CPU.Build.0 = Release|Any CPU
		{5F8AD946-FF82-41DF-52FF-2C71C5863887}.Release|x64.ActiveCfg = Release|Any CPU
		{5F8AD946-FF82-41DF-52FF-2C71C5863887}.Release|x64.Build.0 = Release|Any CPU
		{5F8AD946-FF82-41DF-52FF-2C71C5863887}.Release|x86.ActiveCfg = Release|Any CPU
		{5F8AD946-FF82-41DF-52FF-2C71C5863887}.Release|x86.Build.0 = Release|Any CPU
		{0AD4B4A4-48C7-209E-41BB-5F05E723BA1E}.Debug|Any CPU.ActiveCfg = Debug|Any CPU
		{0AD4B4A4-48C7-209E-41BB-5F05E723BA1E}.Debug|Any CPU.Build.0 = Debug|Any CPU
		{0AD4B4A4-48C7-209E-41BB-5F05E723BA1E}.Debug|x64.ActiveCfg = Debug|Any CPU
		{0AD4B4A4-48C7-209E-41BB-5F05E723BA1E}.Debug|x64.Build.0 = Debug|Any CPU
		{0AD4B4A4-48C7-209E-41BB-5F05E723BA1E}.Debug|x86.ActiveCfg = Debug|Any CPU
		{0AD4B4A4-48C7-209E-41BB-5F05E723BA1E}.Debug|x86.Build.0 = Debug|Any CPU
		{0AD4B4A4-48C7-209E-41BB-5F05E723BA1E}.Release|Any CPU.ActiveCfg = Release|Any CPU
		{0AD4B4A4-48C7-209E-41BB-5F05E723BA1E}.Release|Any CPU.Build.0 = Release|Any CPU
		{0AD4B4A4-48C7-209E-41BB-5F05E723BA1E}.Release|x64.ActiveCfg = Release|Any CPU
		{0AD4B4A4-48C7-209E-41BB-5F05E723BA1E}.Release|x64.Build.0 = Release|Any CPU
		{0AD4B4A4-48C7-209E-41BB-5F05E723BA1E}.Release|x86.ActiveCfg = Release|Any CPU
		{0AD4B4A4-48C7-209E-41BB-5F05E723BA1E}.Release|x86.Build.0 = Release|Any CPU
		{5F5D2980-8981-4EA5-A3CE-11A62C34008A}.Debug|Any CPU.ActiveCfg = Debug|Any CPU
		{5F5D2980-8981-4EA5-A3CE-11A62C34008A}.Debug|Any CPU.Build.0 = Debug|Any CPU
		{5F5D2980-8981-4EA5-A3CE-11A62C34008A}.Debug|x64.ActiveCfg = Debug|Any CPU
		{5F5D2980-8981-4EA5-A3CE-11A62C34008A}.Debug|x64.Build.0 = Debug|Any CPU
		{5F5D2980-8981-4EA5-A3CE-11A62C34008A}.Debug|x86.ActiveCfg = Debug|Any CPU
		{5F5D2980-8981-4EA5-A3CE-11A62C34008A}.Debug|x86.Build.0 = Debug|Any CPU
		{5F5D2980-8981-4EA5-A3CE-11A62C34008A}.Release|Any CPU.ActiveCfg = Release|Any CPU
		{5F5D2980-8981-4EA5-A3CE-11A62C34008A}.Release|Any CPU.Build.0 = Release|Any CPU
		{5F5D2980-8981-4EA5-A3CE-11A62C34008A}.Release|x64.ActiveCfg = Release|Any CPU
		{5F5D2980-8981-4EA5-A3CE-11A62C34008A}.Release|x64.Build.0 = Release|Any CPU
		{5F5D2980-8981-4EA5-A3CE-11A62C34008A}.Release|x86.ActiveCfg = Release|Any CPU
		{5F5D2980-8981-4EA5-A3CE-11A62C34008A}.Release|x86.Build.0 = Release|Any CPU
		{BA697968-EC1D-4AF7-A2FA-D036785E12BF}.Debug|Any CPU.ActiveCfg = Debug|Any CPU
		{BA697968-EC1D-4AF7-A2FA-D036785E12BF}.Debug|Any CPU.Build.0 = Debug|Any CPU
		{BA697968-EC1D-4AF7-A2FA-D036785E12BF}.Debug|x64.ActiveCfg = Debug|Any CPU
		{BA697968-EC1D-4AF7-A2FA-D036785E12BF}.Debug|x64.Build.0 = Debug|Any CPU
		{BA697968-EC1D-4AF7-A2FA-D036785E12BF}.Debug|x86.ActiveCfg = Debug|Any CPU
		{BA697968-EC1D-4AF7-A2FA-D036785E12BF}.Debug|x86.Build.0 = Debug|Any CPU
		{BA697968-EC1D-4AF7-A2FA-D036785E12BF}.Release|Any CPU.ActiveCfg = Release|Any CPU
		{BA697968-EC1D-4AF7-A2FA-D036785E12BF}.Release|Any CPU.Build.0 = Release|Any CPU
		{BA697968-EC1D-4AF7-A2FA-D036785E12BF}.Release|x64.ActiveCfg = Release|Any CPU
		{BA697968-EC1D-4AF7-A2FA-D036785E12BF}.Release|x64.Build.0 = Release|Any CPU
		{BA697968-EC1D-4AF7-A2FA-D036785E12BF}.Release|x86.ActiveCfg = Release|Any CPU
		{BA697968-EC1D-4AF7-A2FA-D036785E12BF}.Release|x86.Build.0 = Release|Any CPU
		{1E469CED-50E1-4F98-A6CF-D695CA59E91A}.Debug|Any CPU.ActiveCfg = Debug|Any CPU
		{1E469CED-50E1-4F98-A6CF-D695CA59E91A}.Debug|Any CPU.Build.0 = Debug|Any CPU
		{1E469CED-50E1-4F98-A6CF-D695CA59E91A}.Debug|x64.ActiveCfg = Debug|Any CPU
		{1E469CED-50E1-4F98-A6CF-D695CA59E91A}.Debug|x64.Build.0 = Debug|Any CPU
		{1E469CED-50E1-4F98-A6CF-D695CA59E91A}.Debug|x86.ActiveCfg = Debug|Any CPU
		{1E469CED-50E1-4F98-A6CF-D695CA59E91A}.Debug|x86.Build.0 = Debug|Any CPU
		{1E469CED-50E1-4F98-A6CF-D695CA59E91A}.Release|Any CPU.ActiveCfg = Release|Any CPU
		{1E469CED-50E1-4F98-A6CF-D695CA59E91A}.Release|Any CPU.Build.0 = Release|Any CPU
		{1E469CED-50E1-4F98-A6CF-D695CA59E91A}.Release|x64.ActiveCfg = Release|Any CPU
		{1E469CED-50E1-4F98-A6CF-D695CA59E91A}.Release|x64.Build.0 = Release|Any CPU
		{1E469CED-50E1-4F98-A6CF-D695CA59E91A}.Release|x86.ActiveCfg = Release|Any CPU
		{1E469CED-50E1-4F98-A6CF-D695CA59E91A}.Release|x86.Build.0 = Release|Any CPU
	EndGlobalSection
	GlobalSection(SolutionProperties) = preSolution
		HideSolutionNode = FALSE
	EndGlobalSection
	GlobalSection(NestedProjects) = preSolution
		{5F8AD946-FF82-41DF-52FF-2C71C5863887} = {827E0CD3-B72D-47B6-A68D-7590B98EB39B}
		{0AD4B4A4-48C7-209E-41BB-5F05E723BA1E} = {827E0CD3-B72D-47B6-A68D-7590B98EB39B}
		{5F5D2980-8981-4EA5-A3CE-11A62C34008A} = {827E0CD3-B72D-47B6-A68D-7590B98EB39B}
		{BA697968-EC1D-4AF7-A2FA-D036785E12BF} = {0C88DD14-F956-CE84-757C-A364CCF449FC}
		{1E469CED-50E1-4F98-A6CF-D695CA59E91A} = {0C88DD14-F956-CE84-757C-A364CCF449FC}
	EndGlobalSection
	GlobalSection(ExtensibilityGlobals) = postSolution
		SolutionGuid = {531CC157-C576-4E3E-8924-9994BA32AA52}
	EndGlobalSection
EndGlobal
